// !$*UTF8*$!
{
	archiveVersion = 1;
	classes = {
	};
	objectVersion = 56;
	objects = {

/* Begin PBXBuildFile section */
		0973C9FD2C4C3FC6007BAF6A /* GoodMacros in Frameworks */ = {isa = PBXBuildFile; productRef = 0973C9FC2C4C3FC6007BAF6A /* GoodMacros */; };
		09A9EC8F2C47FF8E0032C359 /* UserScreen.swift in Sources */ = {isa = PBXBuildFile; fileRef = 09A9EC8E2C47FF8E0032C359 /* UserScreen.swift */; };
		09A9EC922C48002C0032C359 /* User.swift in Sources */ = {isa = PBXBuildFile; fileRef = 09A9EC912C48002C0032C359 /* User.swift */; };
		09A9EC952C4800BA0032C359 /* SampleNetworkSessions.swift in Sources */ = {isa = PBXBuildFile; fileRef = 09A9EC942C4800B90032C359 /* SampleNetworkSessions.swift */; };
		09A9EC9A2C48015C0032C359 /* SampleEndpoint.swift in Sources */ = {isa = PBXBuildFile; fileRef = 09A9EC992C48015C0032C359 /* SampleEndpoint.swift */; };
		09A9EC9D2C48115A0032C359 /* GRAsyncImage in Frameworks */ = {isa = PBXBuildFile; productRef = 09A9EC9C2C48115A0032C359 /* GRAsyncImage */; };
		09A9EC9F2C48115A0032C359 /* GRInputField in Frameworks */ = {isa = PBXBuildFile; productRef = 09A9EC9E2C48115A0032C359 /* GRInputField */; };
		09A9ECA12C48115A0032C359 /* GoodSwiftUI in Frameworks */ = {isa = PBXBuildFile; productRef = 09A9ECA02C48115A0032C359 /* GoodSwiftUI */; };
		09A9ECA32C4811B00032C359 /* UserListScreen.swift in Sources */ = {isa = PBXBuildFile; fileRef = 09A9ECA22C4811B00032C359 /* UserListScreen.swift */; };
		09A9ECAE2C4AC9810032C359 /* JobUser.swift in Sources */ = {isa = PBXBuildFile; fileRef = 09A9ECAD2C4AC9810032C359 /* JobUser.swift */; };
		5D4200142CBEE7ED006C4292 /* UserDefaultsExtensions.swift in Sources */ = {isa = PBXBuildFile; fileRef = 5D4200132CBEE7ED006C4292 /* UserDefaultsExtensions.swift */; };
		5D4200192CBF97CC006C4292 /* ServerPickerView.swift in Sources */ = {isa = PBXBuildFile; fileRef = 5D4200182CBF97CC006C4292 /* ServerPickerView.swift */; };
		5D4A967C299C190B00DFAEAE /* GoodNetworking in Frameworks */ = {isa = PBXBuildFile; productRef = 5D4A967B299C190B00DFAEAE /* GoodNetworking */; };
		5D7C80652CA2CDB900116E10 /* SampleSelectableBaseUrlProvider.swift in Sources */ = {isa = PBXBuildFile; fileRef = 5D7C80642CA2CDB900116E10 /* SampleSelectableBaseUrlProvider.swift */; };
		5D9BD7322CBD19C100667B76 /* ApiServerCollection.swift in Sources */ = {isa = PBXBuildFile; fileRef = 5D9BD7312CBD19C100667B76 /* ApiServerCollection.swift */; };
		5D9BD7332CBD19C100667B76 /* ApiServer.swift in Sources */ = {isa = PBXBuildFile; fileRef = 5D9BD7302CBD19C100667B76 /* ApiServer.swift */; };
		5DBCDC302D53746A00DE6D04 /* Mockable in Frameworks */ = {isa = PBXBuildFile; productRef = 5DBCDC2F2D53746A00DE6D04 /* Mockable */; };
		EACEC3FA29953DCB008242AA /* AppDelegate.swift in Sources */ = {isa = PBXBuildFile; fileRef = EACEC3F929953DCB008242AA /* AppDelegate.swift */; };
		EACEC40829953DCD008242AA /* LaunchScreen.storyboard in Resources */ = {isa = PBXBuildFile; fileRef = EACEC40629953DCD008242AA /* LaunchScreen.storyboard */; };
/* End PBXBuildFile section */

/* Begin PBXFileReference section */
		09A9EC8E2C47FF8E0032C359 /* UserScreen.swift */ = {isa = PBXFileReference; lastKnownFileType = sourcecode.swift; path = UserScreen.swift; sourceTree = "<group>"; };
		09A9EC912C48002C0032C359 /* User.swift */ = {isa = PBXFileReference; lastKnownFileType = sourcecode.swift; path = User.swift; sourceTree = "<group>"; };
		09A9EC942C4800B90032C359 /* SampleNetworkSessions.swift */ = {isa = PBXFileReference; lastKnownFileType = sourcecode.swift; path = SampleNetworkSessions.swift; sourceTree = "<group>"; };
		09A9EC992C48015C0032C359 /* SampleEndpoint.swift */ = {isa = PBXFileReference; lastKnownFileType = sourcecode.swift; path = SampleEndpoint.swift; sourceTree = "<group>"; };
		09A9ECA22C4811B00032C359 /* UserListScreen.swift */ = {isa = PBXFileReference; lastKnownFileType = sourcecode.swift; path = UserListScreen.swift; sourceTree = "<group>"; };
		09A9ECAD2C4AC9810032C359 /* JobUser.swift */ = {isa = PBXFileReference; lastKnownFileType = sourcecode.swift; path = JobUser.swift; sourceTree = "<group>"; };
		5D4200132CBEE7ED006C4292 /* UserDefaultsExtensions.swift */ = {isa = PBXFileReference; lastKnownFileType = sourcecode.swift; path = UserDefaultsExtensions.swift; sourceTree = "<group>"; };
		5D4200182CBF97CC006C4292 /* ServerPickerView.swift */ = {isa = PBXFileReference; lastKnownFileType = sourcecode.swift; path = ServerPickerView.swift; sourceTree = "<group>"; };
		5D4A967A299C18FB00DFAEAE /* GoodNetworking */ = {isa = PBXFileReference; lastKnownFileType = wrapper; name = GoodNetworking; path = ..; sourceTree = "<group>"; };
		5D7C80642CA2CDB900116E10 /* SampleSelectableBaseUrlProvider.swift */ = {isa = PBXFileReference; lastKnownFileType = sourcecode.swift; path = SampleSelectableBaseUrlProvider.swift; sourceTree = "<group>"; };
		5D9BD7302CBD19C100667B76 /* ApiServer.swift */ = {isa = PBXFileReference; lastKnownFileType = sourcecode.swift; path = ApiServer.swift; sourceTree = "<group>"; };
		5D9BD7312CBD19C100667B76 /* ApiServerCollection.swift */ = {isa = PBXFileReference; lastKnownFileType = sourcecode.swift; path = ApiServerCollection.swift; sourceTree = "<group>"; };
		5D9E57CA2D52B1A40060F854 /* SampleDeduplicatingResultProvider.swift */ = {isa = PBXFileReference; lastKnownFileType = sourcecode.swift; path = SampleDeduplicatingResultProvider.swift; sourceTree = "<group>"; };
		EACEC3F629953DCB008242AA /* GoodNetworking-Sample.app */ = {isa = PBXFileReference; explicitFileType = wrapper.application; includeInIndex = 0; path = "GoodNetworking-Sample.app"; sourceTree = BUILT_PRODUCTS_DIR; };
		EACEC3F929953DCB008242AA /* AppDelegate.swift */ = {isa = PBXFileReference; lastKnownFileType = sourcecode.swift; path = AppDelegate.swift; sourceTree = "<group>"; };
		EACEC40729953DCD008242AA /* Base */ = {isa = PBXFileReference; lastKnownFileType = file.storyboard; name = Base; path = Base.lproj/LaunchScreen.storyboard; sourceTree = "<group>"; };
		EACEC40929953DCD008242AA /* Info.plist */ = {isa = PBXFileReference; lastKnownFileType = text.plist.xml; path = Info.plist; sourceTree = "<group>"; };
/* End PBXFileReference section */

/* Begin PBXFrameworksBuildPhase section */
		EACEC3F329953DCB008242AA /* Frameworks */ = {
			isa = PBXFrameworksBuildPhase;
			buildActionMask = 2147483647;
			files = (
				0973C9FD2C4C3FC6007BAF6A /* GoodMacros in Frameworks */,
				09A9ECA12C48115A0032C359 /* GoodSwiftUI in Frameworks */,
				5DBCDC302D53746A00DE6D04 /* Mockable in Frameworks */,
				09A9EC9D2C48115A0032C359 /* GRAsyncImage in Frameworks */,
				09A9EC9F2C48115A0032C359 /* GRInputField in Frameworks */,
				5D4A967C299C190B00DFAEAE /* GoodNetworking in Frameworks */,
			);
			runOnlyForDeploymentPostprocessing = 0;
		};
/* End PBXFrameworksBuildPhase section */

/* Begin PBXGroup section */
		09A9EC8D2C47FF830032C359 /* Screens */ = {
			isa = PBXGroup;
			children = (
				09A9ECA22C4811B00032C359 /* UserListScreen.swift */,
				09A9EC8E2C47FF8E0032C359 /* UserScreen.swift */,
				5D4200182CBF97CC006C4292 /* ServerPickerView.swift */,
			);
			path = Screens;
			sourceTree = "<group>";
		};
		09A9EC902C4800240032C359 /* Models */ = {
			isa = PBXGroup;
			children = (
				5D9BD7302CBD19C100667B76 /* ApiServer.swift */,
				5D9BD7312CBD19C100667B76 /* ApiServerCollection.swift */,
				09A9EC912C48002C0032C359 /* User.swift */,
				09A9ECAD2C4AC9810032C359 /* JobUser.swift */,
			);
			path = Models;
			sourceTree = "<group>";
		};
		09A9EC932C4800AA0032C359 /* Managers */ = {
			isa = PBXGroup;
			children = (
				09A9EC942C4800B90032C359 /* SampleNetworkSessions.swift */,
				09A9EC992C48015C0032C359 /* SampleEndpoint.swift */,
				5D7C80642CA2CDB900116E10 /* SampleSelectableBaseUrlProvider.swift */,
			);
			path = Managers;
			sourceTree = "<group>";
		};
		5D4200152CBEE7F2006C4292 /* Extensions */ = {
			isa = PBXGroup;
			children = (
				5D4200132CBEE7ED006C4292 /* UserDefaultsExtensions.swift */,
			);
			path = Extensions;
			sourceTree = "<group>";
		};
		5D4A9679299C18FB00DFAEAE /* Packages */ = {
			isa = PBXGroup;
			children = (
				5D4A967A299C18FB00DFAEAE /* GoodNetworking */,
			);
			name = Packages;
			sourceTree = "<group>";
		};
		5DBCDC2E2D53720F00DE6D04 /* Provider */ = {
			isa = PBXGroup;
			children = (
				5D9E57CA2D52B1A40060F854 /* SampleDeduplicatingResultProvider.swift */,
			);
			path = Provider;
			sourceTree = "<group>";
		};
		EACEC3ED29953DCB008242AA = {
			isa = PBXGroup;
			children = (
				5D4A9679299C18FB00DFAEAE /* Packages */,
				EACEC3F829953DCB008242AA /* GoodNetworking-Sample */,
				EACEC3F729953DCB008242AA /* Products */,
				EACEC41629953E7C008242AA /* Frameworks */,
			);
			sourceTree = "<group>";
		};
		EACEC3F729953DCB008242AA /* Products */ = {
			isa = PBXGroup;
			children = (
				EACEC3F629953DCB008242AA /* GoodNetworking-Sample.app */,
			);
			name = Products;
			sourceTree = "<group>";
		};
		EACEC3F829953DCB008242AA /* GoodNetworking-Sample */ = {
			isa = PBXGroup;
			children = (
				EACEC433299582F0008242AA /* Application */,
				5D4200152CBEE7F2006C4292 /* Extensions */,
				09A9EC902C4800240032C359 /* Models */,
				5DBCDC2E2D53720F00DE6D04 /* Provider */,
				09A9EC932C4800AA0032C359 /* Managers */,
				09A9EC8D2C47FF830032C359 /* Screens */,
			);
			path = "GoodNetworking-Sample";
			sourceTree = "<group>";
		};
		EACEC41629953E7C008242AA /* Frameworks */ = {
			isa = PBXGroup;
			children = (
			);
			name = Frameworks;
			sourceTree = "<group>";
		};
		EACEC433299582F0008242AA /* Application */ = {
			isa = PBXGroup;
			children = (
				EACEC3F929953DCB008242AA /* AppDelegate.swift */,
				EACEC40629953DCD008242AA /* LaunchScreen.storyboard */,
				EACEC40929953DCD008242AA /* Info.plist */,
			);
			path = Application;
			sourceTree = "<group>";
		};
/* End PBXGroup section */

/* Begin PBXNativeTarget section */
		EACEC3F529953DCB008242AA /* GoodNetworking-Sample */ = {
			isa = PBXNativeTarget;
			buildConfigurationList = EACEC40C29953DCD008242AA /* Build configuration list for PBXNativeTarget "GoodNetworking-Sample" */;
			buildPhases = (
				EACEC3F229953DCB008242AA /* Sources */,
				EACEC3F329953DCB008242AA /* Frameworks */,
				EACEC3F429953DCB008242AA /* Resources */,
			);
			buildRules = (
			);
			dependencies = (
			);
			name = "GoodNetworking-Sample";
			packageProductDependencies = (
				5D4A967B299C190B00DFAEAE /* GoodNetworking */,
				09A9EC9C2C48115A0032C359 /* GRAsyncImage */,
				09A9EC9E2C48115A0032C359 /* GRInputField */,
				09A9ECA02C48115A0032C359 /* GoodSwiftUI */,
				0973C9FC2C4C3FC6007BAF6A /* GoodMacros */,
				5DBCDC2F2D53746A00DE6D04 /* Mockable */,
			);
			productName = "GoodNetworking-Sample";
			productReference = EACEC3F629953DCB008242AA /* GoodNetworking-Sample.app */;
			productType = "com.apple.product-type.application";
		};
/* End PBXNativeTarget section */

/* Begin PBXProject section */
		EACEC3EE29953DCB008242AA /* Project object */ = {
			isa = PBXProject;
			attributes = {
				BuildIndependentTargetsInParallel = 1;
				LastSwiftUpdateCheck = 1410;
				LastUpgradeCheck = 1610;
				TargetAttributes = {
					EACEC3F529953DCB008242AA = {
						CreatedOnToolsVersion = 14.1;
					};
				};
			};
			buildConfigurationList = EACEC3F129953DCB008242AA /* Build configuration list for PBXProject "GoodNetworking-Sample" */;
			compatibilityVersion = "Xcode 14.0";
			developmentRegion = en;
			hasScannedForEncodings = 0;
			knownRegions = (
				en,
				Base,
			);
			mainGroup = EACEC3ED29953DCB008242AA;
			packageReferences = (
				09A9EC9B2C48115A0032C359 /* XCRemoteSwiftPackageReference "GoodSwiftUI" */,
				0973C9FB2C4C3FC6007BAF6A /* XCRemoteSwiftPackageReference "GoodExtensions-iOS" */,
			);
			productRefGroup = EACEC3F729953DCB008242AA /* Products */;
			projectDirPath = "";
			projectRoot = "";
			targets = (
				EACEC3F529953DCB008242AA /* GoodNetworking-Sample */,
			);
		};
/* End PBXProject section */

/* Begin PBXResourcesBuildPhase section */
		EACEC3F429953DCB008242AA /* Resources */ = {
			isa = PBXResourcesBuildPhase;
			buildActionMask = 2147483647;
			files = (
				EACEC40829953DCD008242AA /* LaunchScreen.storyboard in Resources */,
			);
			runOnlyForDeploymentPostprocessing = 0;
		};
/* End PBXResourcesBuildPhase section */

/* Begin PBXSourcesBuildPhase section */
		EACEC3F229953DCB008242AA /* Sources */ = {
			isa = PBXSourcesBuildPhase;
			buildActionMask = 2147483647;
			files = (
				09A9ECA32C4811B00032C359 /* UserListScreen.swift in Sources */,
				09A9EC9A2C48015C0032C359 /* SampleEndpoint.swift in Sources */,
				09A9EC8F2C47FF8E0032C359 /* UserScreen.swift in Sources */,
				EACEC3FA29953DCB008242AA /* AppDelegate.swift in Sources */,
				09A9ECAE2C4AC9810032C359 /* JobUser.swift in Sources */,
				5D4200142CBEE7ED006C4292 /* UserDefaultsExtensions.swift in Sources */,
				5D9BD7322CBD19C100667B76 /* ApiServerCollection.swift in Sources */,
				5D9BD7332CBD19C100667B76 /* ApiServer.swift in Sources */,
				09A9EC952C4800BA0032C359 /* SampleNetworkSessions.swift in Sources */,
				5D4200192CBF97CC006C4292 /* ServerPickerView.swift in Sources */,
				09A9EC922C48002C0032C359 /* User.swift in Sources */,
				5D7C80652CA2CDB900116E10 /* SampleSelectableBaseUrlProvider.swift in Sources */,
			);
			runOnlyForDeploymentPostprocessing = 0;
		};
/* End PBXSourcesBuildPhase section */

/* Begin PBXVariantGroup section */
		EACEC40629953DCD008242AA /* LaunchScreen.storyboard */ = {
			isa = PBXVariantGroup;
			children = (
				EACEC40729953DCD008242AA /* Base */,
			);
			name = LaunchScreen.storyboard;
			sourceTree = "<group>";
		};
/* End PBXVariantGroup section */

/* Begin XCBuildConfiguration section */
		EACEC40A29953DCD008242AA /* Debug */ = {
			isa = XCBuildConfiguration;
			buildSettings = {
				ALWAYS_SEARCH_USER_PATHS = NO;
				ASSETCATALOG_COMPILER_GENERATE_SWIFT_ASSET_SYMBOL_EXTENSIONS = YES;
				CLANG_ANALYZER_NONNULL = YES;
				CLANG_ANALYZER_NUMBER_OBJECT_CONVERSION = YES_AGGRESSIVE;
				CLANG_CXX_LANGUAGE_STANDARD = "gnu++20";
				CLANG_ENABLE_MODULES = YES;
				CLANG_ENABLE_OBJC_ARC = YES;
				CLANG_ENABLE_OBJC_WEAK = YES;
				CLANG_WARN_BLOCK_CAPTURE_AUTORELEASING = YES;
				CLANG_WARN_BOOL_CONVERSION = YES;
				CLANG_WARN_COMMA = YES;
				CLANG_WARN_CONSTANT_CONVERSION = YES;
				CLANG_WARN_DEPRECATED_OBJC_IMPLEMENTATIONS = YES;
				CLANG_WARN_DIRECT_OBJC_ISA_USAGE = YES_ERROR;
				CLANG_WARN_DOCUMENTATION_COMMENTS = YES;
				CLANG_WARN_EMPTY_BODY = YES;
				CLANG_WARN_ENUM_CONVERSION = YES;
				CLANG_WARN_INFINITE_RECURSION = YES;
				CLANG_WARN_INT_CONVERSION = YES;
				CLANG_WARN_NON_LITERAL_NULL_CONVERSION = YES;
				CLANG_WARN_OBJC_IMPLICIT_RETAIN_SELF = YES;
				CLANG_WARN_OBJC_LITERAL_CONVERSION = YES;
				CLANG_WARN_OBJC_ROOT_CLASS = YES_ERROR;
				CLANG_WARN_QUOTED_INCLUDE_IN_FRAMEWORK_HEADER = YES;
				CLANG_WARN_RANGE_LOOP_ANALYSIS = YES;
				CLANG_WARN_STRICT_PROTOTYPES = YES;
				CLANG_WARN_SUSPICIOUS_MOVE = YES;
				CLANG_WARN_UNGUARDED_AVAILABILITY = YES_AGGRESSIVE;
				CLANG_WARN_UNREACHABLE_CODE = YES;
				CLANG_WARN__DUPLICATE_METHOD_MATCH = YES;
				COPY_PHASE_STRIP = NO;
				DEBUG_INFORMATION_FORMAT = dwarf;
				ENABLE_STRICT_OBJC_MSGSEND = YES;
				ENABLE_TESTABILITY = YES;
				ENABLE_USER_SCRIPT_SANDBOXING = YES;
				GCC_C_LANGUAGE_STANDARD = gnu11;
				GCC_DYNAMIC_NO_PIC = NO;
				GCC_NO_COMMON_BLOCKS = YES;
				GCC_OPTIMIZATION_LEVEL = 0;
				GCC_PREPROCESSOR_DEFINITIONS = (
					"DEBUG=1",
					"$(inherited)",
				);
				GCC_WARN_64_TO_32_BIT_CONVERSION = YES;
				GCC_WARN_ABOUT_RETURN_TYPE = YES_ERROR;
				GCC_WARN_UNDECLARED_SELECTOR = YES;
				GCC_WARN_UNINITIALIZED_AUTOS = YES_AGGRESSIVE;
				GCC_WARN_UNUSED_FUNCTION = YES;
				GCC_WARN_UNUSED_VARIABLE = YES;
				IPHONEOS_DEPLOYMENT_TARGET = "$(RECOMMENDED_IPHONEOS_DEPLOYMENT_TARGET)";
				MTL_ENABLE_DEBUG_INFO = INCLUDE_SOURCE;
				MTL_FAST_MATH = YES;
				ONLY_ACTIVE_ARCH = YES;
				SDKROOT = iphoneos;
				SWIFT_ACTIVE_COMPILATION_CONDITIONS = DEBUG;
				SWIFT_OPTIMIZATION_LEVEL = "-Onone";
				SWIFT_VERSION = 6.0;
			};
			name = Debug;
		};
		EACEC40B29953DCD008242AA /* Release */ = {
			isa = XCBuildConfiguration;
			buildSettings = {
				ALWAYS_SEARCH_USER_PATHS = NO;
				ASSETCATALOG_COMPILER_GENERATE_SWIFT_ASSET_SYMBOL_EXTENSIONS = YES;
				CLANG_ANALYZER_NONNULL = YES;
				CLANG_ANALYZER_NUMBER_OBJECT_CONVERSION = YES_AGGRESSIVE;
				CLANG_CXX_LANGUAGE_STANDARD = "gnu++20";
				CLANG_ENABLE_MODULES = YES;
				CLANG_ENABLE_OBJC_ARC = YES;
				CLANG_ENABLE_OBJC_WEAK = YES;
				CLANG_WARN_BLOCK_CAPTURE_AUTORELEASING = YES;
				CLANG_WARN_BOOL_CONVERSION = YES;
				CLANG_WARN_COMMA = YES;
				CLANG_WARN_CONSTANT_CONVERSION = YES;
				CLANG_WARN_DEPRECATED_OBJC_IMPLEMENTATIONS = YES;
				CLANG_WARN_DIRECT_OBJC_ISA_USAGE = YES_ERROR;
				CLANG_WARN_DOCUMENTATION_COMMENTS = YES;
				CLANG_WARN_EMPTY_BODY = YES;
				CLANG_WARN_ENUM_CONVERSION = YES;
				CLANG_WARN_INFINITE_RECURSION = YES;
				CLANG_WARN_INT_CONVERSION = YES;
				CLANG_WARN_NON_LITERAL_NULL_CONVERSION = YES;
				CLANG_WARN_OBJC_IMPLICIT_RETAIN_SELF = YES;
				CLANG_WARN_OBJC_LITERAL_CONVERSION = YES;
				CLANG_WARN_OBJC_ROOT_CLASS = YES_ERROR;
				CLANG_WARN_QUOTED_INCLUDE_IN_FRAMEWORK_HEADER = YES;
				CLANG_WARN_RANGE_LOOP_ANALYSIS = YES;
				CLANG_WARN_STRICT_PROTOTYPES = YES;
				CLANG_WARN_SUSPICIOUS_MOVE = YES;
				CLANG_WARN_UNGUARDED_AVAILABILITY = YES_AGGRESSIVE;
				CLANG_WARN_UNREACHABLE_CODE = YES;
				CLANG_WARN__DUPLICATE_METHOD_MATCH = YES;
				COPY_PHASE_STRIP = NO;
				DEBUG_INFORMATION_FORMAT = "dwarf-with-dsym";
				ENABLE_NS_ASSERTIONS = NO;
				ENABLE_STRICT_OBJC_MSGSEND = YES;
				ENABLE_USER_SCRIPT_SANDBOXING = YES;
				GCC_C_LANGUAGE_STANDARD = gnu11;
				GCC_NO_COMMON_BLOCKS = YES;
				GCC_WARN_64_TO_32_BIT_CONVERSION = YES;
				GCC_WARN_ABOUT_RETURN_TYPE = YES_ERROR;
				GCC_WARN_UNDECLARED_SELECTOR = YES;
				GCC_WARN_UNINITIALIZED_AUTOS = YES_AGGRESSIVE;
				GCC_WARN_UNUSED_FUNCTION = YES;
				GCC_WARN_UNUSED_VARIABLE = YES;
				IPHONEOS_DEPLOYMENT_TARGET = "$(RECOMMENDED_IPHONEOS_DEPLOYMENT_TARGET)";
				MTL_ENABLE_DEBUG_INFO = NO;
				MTL_FAST_MATH = YES;
				SDKROOT = iphoneos;
				SWIFT_COMPILATION_MODE = wholemodule;
				SWIFT_OPTIMIZATION_LEVEL = "-O";
				SWIFT_VERSION = 6.0;
				VALIDATE_PRODUCT = YES;
			};
			name = Release;
		};
		EACEC40D29953DCD008242AA /* Debug */ = {
			isa = XCBuildConfiguration;
			buildSettings = {
				ASSETCATALOG_COMPILER_APPICON_NAME = AppIcon;
				ASSETCATALOG_COMPILER_GLOBAL_ACCENT_COLOR_NAME = AccentColor;
				CODE_SIGN_STYLE = Automatic;
				CURRENT_PROJECT_VERSION = 1;
				GENERATE_INFOPLIST_FILE = YES;
				INFOPLIST_FILE = "GoodNetworking-Sample/Application/Info.plist";
				INFOPLIST_KEY_UIApplicationSupportsIndirectInputEvents = YES;
				INFOPLIST_KEY_UILaunchStoryboardName = LaunchScreen;
				INFOPLIST_KEY_UIMainStoryboardFile = "";
				INFOPLIST_KEY_UISupportedInterfaceOrientations = UIInterfaceOrientationPortrait;
				INFOPLIST_KEY_UISupportsDocumentBrowser = YES;
				IPHONEOS_DEPLOYMENT_TARGET = 17.6;
				LD_RUNPATH_SEARCH_PATHS = (
					"$(inherited)",
					"@executable_path/Frameworks",
				);
				MARKETING_VERSION = 1.0;
				PRODUCT_BUNDLE_IDENTIFIER = "com.goodrequest.goodNetworking.sample.GoodNetworking-Sample";
				PRODUCT_NAME = "$(TARGET_NAME)";
				SUPPORTED_PLATFORMS = "iphoneos iphonesimulator";
				SUPPORTS_MACCATALYST = NO;
				SUPPORTS_MAC_DESIGNED_FOR_IPHONE_IPAD = NO;
				SWIFT_EMIT_LOC_STRINGS = YES;
				TARGETED_DEVICE_FAMILY = "1,2";
			};
			name = Debug;
		};
		EACEC40E29953DCD008242AA /* Release */ = {
			isa = XCBuildConfiguration;
			buildSettings = {
				ASSETCATALOG_COMPILER_APPICON_NAME = AppIcon;
				ASSETCATALOG_COMPILER_GLOBAL_ACCENT_COLOR_NAME = AccentColor;
				CODE_SIGN_STYLE = Automatic;
				CURRENT_PROJECT_VERSION = 1;
				GENERATE_INFOPLIST_FILE = YES;
				INFOPLIST_FILE = "GoodNetworking-Sample/Application/Info.plist";
				INFOPLIST_KEY_UIApplicationSupportsIndirectInputEvents = YES;
				INFOPLIST_KEY_UILaunchStoryboardName = LaunchScreen;
				INFOPLIST_KEY_UIMainStoryboardFile = "";
				INFOPLIST_KEY_UISupportedInterfaceOrientations = UIInterfaceOrientationPortrait;
				INFOPLIST_KEY_UISupportsDocumentBrowser = YES;
				IPHONEOS_DEPLOYMENT_TARGET = 17.6;
				LD_RUNPATH_SEARCH_PATHS = (
					"$(inherited)",
					"@executable_path/Frameworks",
				);
				MARKETING_VERSION = 1.0;
				PRODUCT_BUNDLE_IDENTIFIER = "com.goodrequest.goodNetworking.sample.GoodNetworking-Sample";
				PRODUCT_NAME = "$(TARGET_NAME)";
				SUPPORTED_PLATFORMS = "iphoneos iphonesimulator";
				SUPPORTS_MACCATALYST = NO;
				SUPPORTS_MAC_DESIGNED_FOR_IPHONE_IPAD = NO;
				SWIFT_EMIT_LOC_STRINGS = YES;
				TARGETED_DEVICE_FAMILY = "1,2";
			};
			name = Release;
		};
/* End XCBuildConfiguration section */

/* Begin XCConfigurationList section */
		EACEC3F129953DCB008242AA /* Build configuration list for PBXProject "GoodNetworking-Sample" */ = {
			isa = XCConfigurationList;
			buildConfigurations = (
				EACEC40A29953DCD008242AA /* Debug */,
				EACEC40B29953DCD008242AA /* Release */,
			);
			defaultConfigurationIsVisible = 0;
			defaultConfigurationName = Release;
		};
		EACEC40C29953DCD008242AA /* Build configuration list for PBXNativeTarget "GoodNetworking-Sample" */ = {
			isa = XCConfigurationList;
			buildConfigurations = (
				EACEC40D29953DCD008242AA /* Debug */,
				EACEC40E29953DCD008242AA /* Release */,
			);
			defaultConfigurationIsVisible = 0;
			defaultConfigurationName = Release;
		};
/* End XCConfigurationList section */

/* Begin XCRemoteSwiftPackageReference section */
		0973C9FB2C4C3FC6007BAF6A /* XCRemoteSwiftPackageReference "GoodExtensions-iOS" */ = {
			isa = XCRemoteSwiftPackageReference;
			repositoryURL = "https://github.com/GoodRequest/GoodExtensions-iOS.git";
			requirement = {
				kind = upToNextMajorVersion;
				minimumVersion = 2.0.0;
			};
		};
		09A9EC9B2C48115A0032C359 /* XCRemoteSwiftPackageReference "GoodSwiftUI" */ = {
			isa = XCRemoteSwiftPackageReference;
			repositoryURL = "https://github.com/GoodRequest/GoodSwiftUI.git";
			requirement = {
				kind = upToNextMajorVersion;
				minimumVersion = 1.2.0;
			};
		};
/* End XCRemoteSwiftPackageReference section */

/* Begin XCSwiftPackageProductDependency section */
		0973C9FC2C4C3FC6007BAF6A /* GoodMacros */ = {
			isa = XCSwiftPackageProductDependency;
			package = 0973C9FB2C4C3FC6007BAF6A /* XCRemoteSwiftPackageReference "GoodExtensions-iOS" */;
			productName = GoodMacros;
		};
		09A9EC9C2C48115A0032C359 /* GRAsyncImage */ = {
			isa = XCSwiftPackageProductDependency;
			package = 09A9EC9B2C48115A0032C359 /* XCRemoteSwiftPackageReference "GoodSwiftUI" */;
			productName = GRAsyncImage;
		};
		09A9EC9E2C48115A0032C359 /* GRInputField */ = {
			isa = XCSwiftPackageProductDependency;
			package = 09A9EC9B2C48115A0032C359 /* XCRemoteSwiftPackageReference "GoodSwiftUI" */;
			productName = GRInputField;
		};
		09A9ECA02C48115A0032C359 /* GoodSwiftUI */ = {
			isa = XCSwiftPackageProductDependency;
			package = 09A9EC9B2C48115A0032C359 /* XCRemoteSwiftPackageReference "GoodSwiftUI" */;
			productName = GoodSwiftUI;
		};
		5D4A967B299C190B00DFAEAE /* GoodNetworking */ = {
			isa = XCSwiftPackageProductDependency;
			productName = GoodNetworking;
		};
		5DBCDC2F2D53746A00DE6D04 /* Mockable */ = {
			isa = XCSwiftPackageProductDependency;
			productName = Mockable;
		};
/* End XCSwiftPackageProductDependency section */
	};
	rootObject = EACEC3EE29953DCB008242AA /* Project object */;
}
