{
  "originHash" : "8eab421ee15e57c7b5a7c27243f361840c5e4ea94e8da3381f3024ef5ec78977",
  "pins" : [
    {
      "identity" : "chronometer",
      "kind" : "remoteSourceControl",
      "location" : "https://github.com/KittyMac/Chronometer.git",
      "state" : {
        "revision" : "d21b89e5cb5929b5175bdb3ad710a52cbf497eaa",
        "version" : "0.1.12"
      }
    },
    {
      "identity" : "hitch",
      "kind" : "remoteSourceControl",
      "location" : "https://github.com/KittyMac/Hitch.git",
      "state" : {
        "revision" : "d6c147a1d70992db39a141cb5bf9cf8fbb776250",
        "version" : "0.4.148"
      }
    },
    {
      "identity" : "sextant",
      "kind" : "remoteSourceControl",
      "location" : "https://github.com/KittyMac/Sextant.git",
      "state" : {
        "revision" : "52a77d0bce0210cf9557faef7fd0adb9a6da02fb",
        "version" : "0.4.31"
      }
    },
    {
      "identity" : "spanker",
      "kind" : "remoteSourceControl",
      "location" : "https://github.com/KittyMac/Spanker.git",
      "state" : {
        "revision" : "d4b439bf76a40fb45d86a24d13b9c26e7d630eee",
        "version" : "0.2.49"
      }
    }
  ],
  "version" : 3
}
