{
  "originHash" : "0b8591faa4c66befdc064d16a29b21139127caaac8c0672c1bc7e50dc00918c2",
  "pins" : [
    {
      "identity" : "alamofire",
      "kind" : "remoteSourceControl",
      "location" : "https://github.com/Alamofire/Alamofire.git",
      "state" : {
        "branch" : "swift6",
        "revision" : "19fe88bbdb76dd0eb1cf912bfb5f5bffdee2eee1"
      }
    }
  ],
  "version" : 3
}
