{
  "originHash" : "bcba68cb977af5f9a9e31cc77d2e125ee154683f947da89a246954ace31b00ae",
  "pins" : [
    {
      "identity" : "alamofire",
      "kind" : "remoteSourceControl",
      "location" : "https://github.com/Alamofire/Alamofire.git",
      "state" : {
        "revision" : "f455c2975872ccd2d9c81594c658af65716e9b9a",
        "version" : "5.9.1"
      }
    },
    {
      "identity" : "alamofireimage",
      "kind" : "remoteSourceControl",
      "location" : "https://github.com/Alamofire/AlamofireImage.git",
      "state" : {
        "revision" : "1eaf3b6c6882bed10f6e7b119665599dd2329aa1",
        "version" : "4.3.0"
      }
    },
    {
      "identity" : "combineext",
      "kind" : "remoteSourceControl",
      "location" : "https://github.com/CombineCommunity/CombineExt.git",
      "state" : {
        "revision" : "d7b896fa9ca8b47fa7bcde6b43ef9b70bf8c1f56",
        "version" : "1.8.1"
      }
    },
    {
      "identity" : "goodextensions-ios",
      "kind" : "remoteSourceControl",
      "location" : "https://github.com/GoodRequest/GoodExtensions-iOS",
      "state" : {
        "branch" : "main",
        "revision" : "e81ad93c9e8b2d130a56633804e798b76a727a43"
      }
    },
    {
      "identity" : "goodlogger",
      "kind" : "remoteSourceControl",
      "location" : "https://github.com/GoodRequest/GoodLogger.git",
      "state" : {
        "revision" : "f5221b56019bf99d1281b74b441dd56f092bfc7b",
        "version" : "1.2.1"
      }
    },
    {
      "identity" : "goodswiftui",
      "kind" : "remoteSourceControl",
      "location" : "https://github.com/GoodRequest/GoodSwiftUI",
      "state" : {
        "branch" : "main",
        "revision" : "09c56bd6687049dc9085326be456f0749c6244ec"
      }
    },
    {
      "identity" : "swift-syntax",
      "kind" : "remoteSourceControl",
      "location" : "https://github.com/apple/swift-syntax.git",
      "state" : {
        "revision" : "0687f71944021d616d34d922343dcef086855920",
        "version" : "600.0.1"
      }
    }
  ],
  "version" : 3
}
